// !$*UTF8*$!
{
	archiveVersion = 1;
	classes = {
	};
	objectVersion = 46;
	objects = {

/* Begin PBXBuildFile section */
		8B0F25401A39E6E400414B2D /* ofAddon.cpp in Sources */ = {isa = PBXBuildFile; fileRef = 8B0F24ED1A39E60200414B2D /* ofAddon.cpp */; };
		8B0F25411A39E6E400414B2D /* ofAddon.h in Sources */ = {isa = PBXBuildFile; fileRef = 8B0F24EE1A39E60200414B2D /* ofAddon.h */; };
		8B0F25421A39E6E400414B2D /* main.cpp in Sources */ = {isa = PBXBuildFile; fileRef = 8B0F24EF1A39E60200414B2D /* main.cpp */; };
		8B0F25431A39E6ED00414B2D /* baseProject.cpp in Sources */ = {isa = PBXBuildFile; fileRef = 8B0F24F11A39E60200414B2D /* baseProject.cpp */; };
		8B0F25441A39E6ED00414B2D /* baseProject.h in Sources */ = {isa = PBXBuildFile; fileRef = 8B0F24F21A39E60200414B2D /* baseProject.h */; };
		8B0F25451A39E6ED00414B2D /* CBLinuxProject.cpp in Sources */ = {isa = PBXBuildFile; fileRef = 8B0F24F31A39E60200414B2D /* CBLinuxProject.cpp */; };
		8B0F25461A39E6ED00414B2D /* CBLinuxProject.h in Sources */ = {isa = PBXBuildFile; fileRef = 8B0F24F41A39E60200414B2D /* CBLinuxProject.h */; };
		8B0F25471A39E6ED00414B2D /* CBWinProject.cpp in Sources */ = {isa = PBXBuildFile; fileRef = 8B0F24F51A39E60200414B2D /* CBWinProject.cpp */; };
		8B0F25481A39E6ED00414B2D /* CBWinProject.h in Sources */ = {isa = PBXBuildFile; fileRef = 8B0F24F61A39E60200414B2D /* CBWinProject.h */; };
		8B0F25491A39E6ED00414B2D /* visualStudioProject.cpp in Sources */ = {isa = PBXBuildFile; fileRef = 8B0F24F71A39E60200414B2D /* visualStudioProject.cpp */; };
		8B0F254A1A39E6ED00414B2D /* visualStudioProject.h in Sources */ = {isa = PBXBuildFile; fileRef = 8B0F24F81A39E60200414B2D /* visualStudioProject.h */; };
		8B0F254B1A39E6ED00414B2D /* xcodeProject.cpp in Sources */ = {isa = PBXBuildFile; fileRef = 8B0F24F91A39E60200414B2D /* xcodeProject.cpp */; };
		8B0F254C1A39E6ED00414B2D /* xcodeProject.h in Sources */ = {isa = PBXBuildFile; fileRef = 8B0F24FA1A39E60200414B2D /* xcodeProject.h */; };
		8B0F254D1A39E6F300414B2D /* Utils.cpp in Sources */ = {isa = PBXBuildFile; fileRef = 8B0F25121A39E60200414B2D /* Utils.cpp */; };
		8B0F254E1A39E6F300414B2D /* Utils.h in Sources */ = {isa = PBXBuildFile; fileRef = 8B0F25131A39E60200414B2D /* Utils.h */; };
		8B0F25501A39E7DA00414B2D /* GLUT.framework in Frameworks */ = {isa = PBXBuildFile; fileRef = BBAB23BE13894E4700AA2426 /* GLUT.framework */; };
		8B0F25511A39E7DE00414B2D /* AVFoundation.framework in Frameworks */ = {isa = PBXBuildFile; fileRef = 6474CBF019BCE00B003C94E2 /* AVFoundation.framework */; };
		8B0F25521A39E7DE00414B2D /* CoreMedia.framework in Frameworks */ = {isa = PBXBuildFile; fileRef = 6474CBF119BCE00B003C94E2 /* CoreMedia.framework */; };
		8B0F25531A39E7DE00414B2D /* QuartzCore.framework in Frameworks */ = {isa = PBXBuildFile; fileRef = 6474CBF219BCE00B003C94E2 /* QuartzCore.framework */; };
		8B0F25541A39E7DE00414B2D /* Accelerate.framework in Frameworks */ = {isa = PBXBuildFile; fileRef = E7F985F515E0DE99003869B5 /* Accelerate.framework */; };
		8B0F25551A39E7DE00414B2D /* AppKit.framework in Frameworks */ = {isa = PBXBuildFile; fileRef = E4C2424410CC5A17004149E2 /* AppKit.framework */; };
		8B0F25561A39E7DE00414B2D /* Cocoa.framework in Frameworks */ = {isa = PBXBuildFile; fileRef = E4C2424510CC5A17004149E2 /* Cocoa.framework */; };
		8B0F25571A39E7DE00414B2D /* IOKit.framework in Frameworks */ = {isa = PBXBuildFile; fileRef = E4C2424610CC5A17004149E2 /* IOKit.framework */; };
		8B0F25581A39E7DE00414B2D /* AGL.framework in Frameworks */ = {isa = PBXBuildFile; fileRef = E45BE9710E8CC7DD009D7055 /* AGL.framework */; };
		8B0F25591A39E7DE00414B2D /* ApplicationServices.framework in Frameworks */ = {isa = PBXBuildFile; fileRef = E45BE9720E8CC7DD009D7055 /* ApplicationServices.framework */; };
		8B0F255A1A39E7DE00414B2D /* AudioToolbox.framework in Frameworks */ = {isa = PBXBuildFile; fileRef = E45BE9730E8CC7DD009D7055 /* AudioToolbox.framework */; };
		8B0F255B1A39E7DE00414B2D /* CoreAudio.framework in Frameworks */ = {isa = PBXBuildFile; fileRef = E45BE9750E8CC7DD009D7055 /* CoreAudio.framework */; };
		8B0F255C1A39E7DE00414B2D /* CoreFoundation.framework in Frameworks */ = {isa = PBXBuildFile; fileRef = E45BE9760E8CC7DD009D7055 /* CoreFoundation.framework */; };
		8B0F255D1A39E7DE00414B2D /* CoreServices.framework in Frameworks */ = {isa = PBXBuildFile; fileRef = E45BE9770E8CC7DD009D7055 /* CoreServices.framework */; };
		8B0F255E1A39E7DE00414B2D /* OpenGL.framework in Frameworks */ = {isa = PBXBuildFile; fileRef = E45BE9790E8CC7DD009D7055 /* OpenGL.framework */; };
		8B0F255F1A39E7DE00414B2D /* QuickTime.framework in Frameworks */ = {isa = PBXBuildFile; fileRef = E45BE97A0E8CC7DD009D7055 /* QuickTime.framework */; };
		8B0F25601A39E7DE00414B2D /* CoreVideo.framework in Frameworks */ = {isa = PBXBuildFile; fileRef = E7E077E415D3B63C0020DFD4 /* CoreVideo.framework */; };
		8B0F25611A39E7DE00414B2D /* QTKit.framework in Frameworks */ = {isa = PBXBuildFile; fileRef = E7E077E715D3B6510020DFD4 /* QTKit.framework */; };
		8B0F25621A39E7E500414B2D /* openFrameworksDebug.a in Frameworks */ = {isa = PBXBuildFile; fileRef = E4328148138ABC890047C5CB /* openFrameworksDebug.a */; };
		8B0F266E1A39ECBF00414B2D /* ofAddonTest.cpp in Sources */ = {isa = PBXBuildFile; fileRef = 8B0F266D1A39ECBF00414B2D /* ofAddonTest.cpp */; };
		8B0F267E1A39ECE500414B2D /* catch.hpp in Sources */ = {isa = PBXBuildFile; fileRef = 8B0F266C1A39ECBF00414B2D /* catch.hpp */; };
		8B0F267F1A39ECE500414B2D /* ofAddonTest.cpp in Sources */ = {isa = PBXBuildFile; fileRef = 8B0F266D1A39ECBF00414B2D /* ofAddonTest.cpp */; };
		8B0F26841A39ECEF00414B2D /* ofAddon.cpp in Sources */ = {isa = PBXBuildFile; fileRef = 8B0F24ED1A39E60200414B2D /* ofAddon.cpp */; };
		8B0F26851A39ECEF00414B2D /* ofAddon.h in Sources */ = {isa = PBXBuildFile; fileRef = 8B0F24EE1A39E60200414B2D /* ofAddon.h */; };
		8B0F26871A39ECEF00414B2D /* baseProject.cpp in Sources */ = {isa = PBXBuildFile; fileRef = 8B0F24F11A39E60200414B2D /* baseProject.cpp */; };
		8B0F26881A39ECEF00414B2D /* baseProject.h in Sources */ = {isa = PBXBuildFile; fileRef = 8B0F24F21A39E60200414B2D /* baseProject.h */; };
		8B0F26891A39ECEF00414B2D /* CBLinuxProject.cpp in Sources */ = {isa = PBXBuildFile; fileRef = 8B0F24F31A39E60200414B2D /* CBLinuxProject.cpp */; };
		8B0F268A1A39ECEF00414B2D /* CBLinuxProject.h in Sources */ = {isa = PBXBuildFile; fileRef = 8B0F24F41A39E60200414B2D /* CBLinuxProject.h */; };
		8B0F268B1A39ECEF00414B2D /* CBWinProject.cpp in Sources */ = {isa = PBXBuildFile; fileRef = 8B0F24F51A39E60200414B2D /* CBWinProject.cpp */; };
		8B0F268C1A39ECEF00414B2D /* CBWinProject.h in Sources */ = {isa = PBXBuildFile; fileRef = 8B0F24F61A39E60200414B2D /* CBWinProject.h */; };
		8B0F268D1A39ECEF00414B2D /* visualStudioProject.cpp in Sources */ = {isa = PBXBuildFile; fileRef = 8B0F24F71A39E60200414B2D /* visualStudioProject.cpp */; };
		8B0F268E1A39ECEF00414B2D /* visualStudioProject.h in Sources */ = {isa = PBXBuildFile; fileRef = 8B0F24F81A39E60200414B2D /* visualStudioProject.h */; };
		8B0F268F1A39ECEF00414B2D /* xcodeProject.cpp in Sources */ = {isa = PBXBuildFile; fileRef = 8B0F24F91A39E60200414B2D /* xcodeProject.cpp */; };
		8B0F26901A39ECEF00414B2D /* xcodeProject.h in Sources */ = {isa = PBXBuildFile; fileRef = 8B0F24FA1A39E60200414B2D /* xcodeProject.h */; };
		8B0F26911A39ECEF00414B2D /* Utils.cpp in Sources */ = {isa = PBXBuildFile; fileRef = 8B0F25121A39E60200414B2D /* Utils.cpp */; };
		8B0F26921A39ECEF00414B2D /* Utils.h in Sources */ = {isa = PBXBuildFile; fileRef = 8B0F25131A39E60200414B2D /* Utils.h */; };
		8B0F26941A39ECFF00414B2D /* openFrameworksDebug.a in Frameworks */ = {isa = PBXBuildFile; fileRef = E4328148138ABC890047C5CB /* openFrameworksDebug.a */; };
		8B0F26951A39ED0400414B2D /* GLUT.framework in Frameworks */ = {isa = PBXBuildFile; fileRef = BBAB23BE13894E4700AA2426 /* GLUT.framework */; };
		8B0F26961A39ED0800414B2D /* AVFoundation.framework in Frameworks */ = {isa = PBXBuildFile; fileRef = 6474CBF019BCE00B003C94E2 /* AVFoundation.framework */; };
		8B0F26971A39ED0800414B2D /* CoreMedia.framework in Frameworks */ = {isa = PBXBuildFile; fileRef = 6474CBF119BCE00B003C94E2 /* CoreMedia.framework */; };
		8B0F26981A39ED0800414B2D /* QuartzCore.framework in Frameworks */ = {isa = PBXBuildFile; fileRef = 6474CBF219BCE00B003C94E2 /* QuartzCore.framework */; };
		8B0F26991A39ED0800414B2D /* Accelerate.framework in Frameworks */ = {isa = PBXBuildFile; fileRef = E7F985F515E0DE99003869B5 /* Accelerate.framework */; };
		8B0F269A1A39ED0800414B2D /* AppKit.framework in Frameworks */ = {isa = PBXBuildFile; fileRef = E4C2424410CC5A17004149E2 /* AppKit.framework */; };
		8B0F269B1A39ED0800414B2D /* Cocoa.framework in Frameworks */ = {isa = PBXBuildFile; fileRef = E4C2424510CC5A17004149E2 /* Cocoa.framework */; };
		8B0F269C1A39ED0800414B2D /* IOKit.framework in Frameworks */ = {isa = PBXBuildFile; fileRef = E4C2424610CC5A17004149E2 /* IOKit.framework */; };
		8B0F269D1A39ED0800414B2D /* AGL.framework in Frameworks */ = {isa = PBXBuildFile; fileRef = E45BE9710E8CC7DD009D7055 /* AGL.framework */; };
		8B0F269E1A39ED0800414B2D /* ApplicationServices.framework in Frameworks */ = {isa = PBXBuildFile; fileRef = E45BE9720E8CC7DD009D7055 /* ApplicationServices.framework */; };
		8B0F269F1A39ED0800414B2D /* AudioToolbox.framework in Frameworks */ = {isa = PBXBuildFile; fileRef = E45BE9730E8CC7DD009D7055 /* AudioToolbox.framework */; };
		8B0F26A01A39ED0800414B2D /* CoreAudio.framework in Frameworks */ = {isa = PBXBuildFile; fileRef = E45BE9750E8CC7DD009D7055 /* CoreAudio.framework */; };
		8B0F26A11A39ED0800414B2D /* CoreFoundation.framework in Frameworks */ = {isa = PBXBuildFile; fileRef = E45BE9760E8CC7DD009D7055 /* CoreFoundation.framework */; };
		8B0F26A21A39ED0800414B2D /* CoreServices.framework in Frameworks */ = {isa = PBXBuildFile; fileRef = E45BE9770E8CC7DD009D7055 /* CoreServices.framework */; };
		8B0F26A31A39ED0800414B2D /* OpenGL.framework in Frameworks */ = {isa = PBXBuildFile; fileRef = E45BE9790E8CC7DD009D7055 /* OpenGL.framework */; };
		8B0F26A41A39ED0800414B2D /* QuickTime.framework in Frameworks */ = {isa = PBXBuildFile; fileRef = E45BE97A0E8CC7DD009D7055 /* QuickTime.framework */; };
		8B0F26A51A39ED0800414B2D /* CoreVideo.framework in Frameworks */ = {isa = PBXBuildFile; fileRef = E7E077E415D3B63C0020DFD4 /* CoreVideo.framework */; };
		8B0F26A61A39ED0800414B2D /* QTKit.framework in Frameworks */ = {isa = PBXBuildFile; fileRef = E7E077E715D3B6510020DFD4 /* QTKit.framework */; };
		8B0F26C91A39F1EF00414B2D /* pugixml.cpp in Sources */ = {isa = PBXBuildFile; fileRef = 8B0F26C31A39F1EF00414B2D /* pugixml.cpp */; };
/* End PBXBuildFile section */

/* Begin PBXContainerItemProxy section */
		8B0F253C1A39E6D800414B2D /* PBXContainerItemProxy */ = {
			isa = PBXContainerItemProxy;
			containerPortal = E4328143138ABC890047C5CB /* openFrameworksLib.xcodeproj */;
			proxyType = 1;
			remoteGlobalIDString = E4B27C1410CBEB8E00536013;
			remoteInfo = openFrameworks;
		};
		8B0F267C1A39ECDF00414B2D /* PBXContainerItemProxy */ = {
			isa = PBXContainerItemProxy;
			containerPortal = E4328143138ABC890047C5CB /* openFrameworksLib.xcodeproj */;
			proxyType = 1;
			remoteGlobalIDString = E4B27C1410CBEB8E00536013;
			remoteInfo = openFrameworks;
		};
		8B0F26CB1A39F1F000414B2D /* PBXContainerItemProxy */ = {
			isa = PBXContainerItemProxy;
			containerPortal = 8B0F26B51A39F1EF00414B2D /* pugixml.xcodeproj */;
			proxyType = 2;
			remoteGlobalIDString = 1DA04ADC64C3566D16C45B6D;
			remoteInfo = pugixml;
		};
		E4328147138ABC890047C5CB /* PBXContainerItemProxy */ = {
			isa = PBXContainerItemProxy;
			containerPortal = E4328143138ABC890047C5CB /* openFrameworksLib.xcodeproj */;
			proxyType = 2;
			remoteGlobalIDString = E4B27C1510CBEB8E00536013;
			remoteInfo = openFrameworks;
		};
/* End PBXContainerItemProxy section */

/* Begin PBXCopyFilesBuildPhase section */
		8B0F25331A39E6C600414B2D /* CopyFiles */ = {
			isa = PBXCopyFilesBuildPhase;
			buildActionMask = 2147483647;
			dstPath = /usr/share/man/man1/;
			dstSubfolderSpec = 0;
			files = (
			);
			runOnlyForDeploymentPostprocessing = 1;
		};
		8B0F26711A39ECD100414B2D /* CopyFiles */ = {
			isa = PBXCopyFilesBuildPhase;
			buildActionMask = 2147483647;
			dstPath = /usr/share/man/man1/;
			dstSubfolderSpec = 0;
			files = (
			);
			runOnlyForDeploymentPostprocessing = 1;
		};
/* End PBXCopyFilesBuildPhase section */

/* Begin PBXFileReference section */
		6474CBF019BCE00B003C94E2 /* AVFoundation.framework */ = {isa = PBXFileReference; lastKnownFileType = wrapper.framework; name = AVFoundation.framework; path = System/Library/Frameworks/AVFoundation.framework; sourceTree = SDKROOT; };
		6474CBF119BCE00B003C94E2 /* CoreMedia.framework */ = {isa = PBXFileReference; lastKnownFileType = wrapper.framework; name = CoreMedia.framework; path = System/Library/Frameworks/CoreMedia.framework; sourceTree = SDKROOT; };
		6474CBF219BCE00B003C94E2 /* QuartzCore.framework */ = {isa = PBXFileReference; lastKnownFileType = wrapper.framework; name = QuartzCore.framework; path = System/Library/Frameworks/QuartzCore.framework; sourceTree = SDKROOT; };
		8B0F24ED1A39E60200414B2D /* ofAddon.cpp */ = {isa = PBXFileReference; fileEncoding = 4; lastKnownFileType = sourcecode.cpp.cpp; path = ofAddon.cpp; sourceTree = "<group>"; };
		8B0F24EE1A39E60200414B2D /* ofAddon.h */ = {isa = PBXFileReference; fileEncoding = 4; lastKnownFileType = sourcecode.c.h; path = ofAddon.h; sourceTree = "<group>"; };
		8B0F24EF1A39E60200414B2D /* main.cpp */ = {isa = PBXFileReference; fileEncoding = 4; lastKnownFileType = sourcecode.cpp.cpp; path = main.cpp; sourceTree = "<group>"; };
		8B0F24F11A39E60200414B2D /* baseProject.cpp */ = {isa = PBXFileReference; fileEncoding = 4; lastKnownFileType = sourcecode.cpp.cpp; path = baseProject.cpp; sourceTree = "<group>"; };
		8B0F24F21A39E60200414B2D /* baseProject.h */ = {isa = PBXFileReference; fileEncoding = 4; lastKnownFileType = sourcecode.c.h; path = baseProject.h; sourceTree = "<group>"; };
		8B0F24F31A39E60200414B2D /* CBLinuxProject.cpp */ = {isa = PBXFileReference; fileEncoding = 4; lastKnownFileType = sourcecode.cpp.cpp; path = CBLinuxProject.cpp; sourceTree = "<group>"; };
		8B0F24F41A39E60200414B2D /* CBLinuxProject.h */ = {isa = PBXFileReference; fileEncoding = 4; lastKnownFileType = sourcecode.c.h; path = CBLinuxProject.h; sourceTree = "<group>"; };
		8B0F24F51A39E60200414B2D /* CBWinProject.cpp */ = {isa = PBXFileReference; fileEncoding = 4; lastKnownFileType = sourcecode.cpp.cpp; path = CBWinProject.cpp; sourceTree = "<group>"; };
		8B0F24F61A39E60200414B2D /* CBWinProject.h */ = {isa = PBXFileReference; fileEncoding = 4; lastKnownFileType = sourcecode.c.h; path = CBWinProject.h; sourceTree = "<group>"; };
		8B0F24F71A39E60200414B2D /* visualStudioProject.cpp */ = {isa = PBXFileReference; fileEncoding = 4; lastKnownFileType = sourcecode.cpp.cpp; path = visualStudioProject.cpp; sourceTree = "<group>"; };
		8B0F24F81A39E60200414B2D /* visualStudioProject.h */ = {isa = PBXFileReference; fileEncoding = 4; lastKnownFileType = sourcecode.c.h; path = visualStudioProject.h; sourceTree = "<group>"; };
		8B0F24F91A39E60200414B2D /* xcodeProject.cpp */ = {isa = PBXFileReference; fileEncoding = 4; lastKnownFileType = sourcecode.cpp.cpp; path = xcodeProject.cpp; sourceTree = "<group>"; };
		8B0F24FA1A39E60200414B2D /* xcodeProject.h */ = {isa = PBXFileReference; fileEncoding = 4; lastKnownFileType = sourcecode.c.h; path = xcodeProject.h; sourceTree = "<group>"; };
		8B0F25121A39E60200414B2D /* Utils.cpp */ = {isa = PBXFileReference; fileEncoding = 4; lastKnownFileType = sourcecode.cpp.cpp; path = Utils.cpp; sourceTree = "<group>"; };
		8B0F25131A39E60200414B2D /* Utils.h */ = {isa = PBXFileReference; fileEncoding = 4; lastKnownFileType = sourcecode.c.h; path = Utils.h; sourceTree = "<group>"; };
		8B0F25351A39E6C600414B2D /* projectGenerator */ = {isa = PBXFileReference; explicitFileType = "compiled.mach-o.executable"; includeInIndex = 0; path = projectGenerator; sourceTree = BUILT_PRODUCTS_DIR; };
		8B0F266C1A39ECBF00414B2D /* catch.hpp */ = {isa = PBXFileReference; fileEncoding = 4; lastKnownFileType = sourcecode.cpp.h; path = catch.hpp; sourceTree = "<group>"; };
		8B0F266D1A39ECBF00414B2D /* ofAddonTest.cpp */ = {isa = PBXFileReference; fileEncoding = 4; lastKnownFileType = sourcecode.cpp.cpp; path = ofAddonTest.cpp; sourceTree = "<group>"; };
		8B0F26731A39ECD100414B2D /* ofAddonTest */ = {isa = PBXFileReference; explicitFileType = "compiled.mach-o.executable"; includeInIndex = 0; path = ofAddonTest; sourceTree = BUILT_PRODUCTS_DIR; };
		8B0F26AC1A39F1EF00414B2D /* foreach.hpp */ = {isa = PBXFileReference; fileEncoding = 4; lastKnownFileType = sourcecode.cpp.h; path = foreach.hpp; sourceTree = "<group>"; };
		8B0F26B51A39F1EF00414B2D /* pugixml.xcodeproj */ = {isa = PBXFileReference; lastKnownFileType = "wrapper.pb-project"; path = pugixml.xcodeproj; sourceTree = "<group>"; };
		8B0F26C21A39F1EF00414B2D /* pugiconfig.hpp */ = {isa = PBXFileReference; fileEncoding = 4; lastKnownFileType = sourcecode.cpp.h; path = pugiconfig.hpp; sourceTree = "<group>"; };
		8B0F26C31A39F1EF00414B2D /* pugixml.cpp */ = {isa = PBXFileReference; fileEncoding = 4; lastKnownFileType = sourcecode.cpp.cpp; path = pugixml.cpp; sourceTree = "<group>"; };
		8B0F26C41A39F1EF00414B2D /* pugixml.hpp */ = {isa = PBXFileReference; fileEncoding = 4; lastKnownFileType = sourcecode.cpp.h; path = pugixml.hpp; sourceTree = "<group>"; };
		BBAB23BE13894E4700AA2426 /* GLUT.framework */ = {isa = PBXFileReference; lastKnownFileType = wrapper.framework; name = GLUT.framework; path = ../../../libs/glut/lib/osx/GLUT.framework; sourceTree = "<group>"; };
		E4328143138ABC890047C5CB /* openFrameworksLib.xcodeproj */ = {isa = PBXFileReference; lastKnownFileType = "wrapper.pb-project"; name = openFrameworksLib.xcodeproj; path = ../../../libs/openFrameworksCompiled/project/osx/openFrameworksLib.xcodeproj; sourceTree = SOURCE_ROOT; };
		E45BE9710E8CC7DD009D7055 /* AGL.framework */ = {isa = PBXFileReference; lastKnownFileType = wrapper.framework; name = AGL.framework; path = /System/Library/Frameworks/AGL.framework; sourceTree = "<absolute>"; };
		E45BE9720E8CC7DD009D7055 /* ApplicationServices.framework */ = {isa = PBXFileReference; lastKnownFileType = wrapper.framework; name = ApplicationServices.framework; path = /System/Library/Frameworks/ApplicationServices.framework; sourceTree = "<absolute>"; };
		E45BE9730E8CC7DD009D7055 /* AudioToolbox.framework */ = {isa = PBXFileReference; lastKnownFileType = wrapper.framework; name = AudioToolbox.framework; path = /System/Library/Frameworks/AudioToolbox.framework; sourceTree = "<absolute>"; };
		E45BE9750E8CC7DD009D7055 /* CoreAudio.framework */ = {isa = PBXFileReference; lastKnownFileType = wrapper.framework; name = CoreAudio.framework; path = /System/Library/Frameworks/CoreAudio.framework; sourceTree = "<absolute>"; };
		E45BE9760E8CC7DD009D7055 /* CoreFoundation.framework */ = {isa = PBXFileReference; lastKnownFileType = wrapper.framework; name = CoreFoundation.framework; path = /System/Library/Frameworks/CoreFoundation.framework; sourceTree = "<absolute>"; };
		E45BE9770E8CC7DD009D7055 /* CoreServices.framework */ = {isa = PBXFileReference; lastKnownFileType = wrapper.framework; name = CoreServices.framework; path = /System/Library/Frameworks/CoreServices.framework; sourceTree = "<absolute>"; };
		E45BE9790E8CC7DD009D7055 /* OpenGL.framework */ = {isa = PBXFileReference; lastKnownFileType = wrapper.framework; name = OpenGL.framework; path = /System/Library/Frameworks/OpenGL.framework; sourceTree = "<absolute>"; };
		E45BE97A0E8CC7DD009D7055 /* QuickTime.framework */ = {isa = PBXFileReference; lastKnownFileType = wrapper.framework; name = QuickTime.framework; path = /System/Library/Frameworks/QuickTime.framework; sourceTree = "<absolute>"; };
		E4B6FCAD0C3E899E008CF71C /* openFrameworks-Info.plist */ = {isa = PBXFileReference; fileEncoding = 30; lastKnownFileType = text.plist.xml; path = "openFrameworks-Info.plist"; sourceTree = "<group>"; };
		E4C2424410CC5A17004149E2 /* AppKit.framework */ = {isa = PBXFileReference; lastKnownFileType = wrapper.framework; name = AppKit.framework; path = /System/Library/Frameworks/AppKit.framework; sourceTree = "<absolute>"; };
		E4C2424510CC5A17004149E2 /* Cocoa.framework */ = {isa = PBXFileReference; lastKnownFileType = wrapper.framework; name = Cocoa.framework; path = /System/Library/Frameworks/Cocoa.framework; sourceTree = "<absolute>"; };
		E4C2424610CC5A17004149E2 /* IOKit.framework */ = {isa = PBXFileReference; lastKnownFileType = wrapper.framework; name = IOKit.framework; path = /System/Library/Frameworks/IOKit.framework; sourceTree = "<absolute>"; };
		E4EB691F138AFCF100A09F29 /* CoreOF.xcconfig */ = {isa = PBXFileReference; fileEncoding = 4; lastKnownFileType = text.xcconfig; name = CoreOF.xcconfig; path = ../../../libs/openFrameworksCompiled/project/osx/CoreOF.xcconfig; sourceTree = SOURCE_ROOT; };
		E4EB6923138AFD0F00A09F29 /* Project.xcconfig */ = {isa = PBXFileReference; fileEncoding = 4; lastKnownFileType = text.xcconfig; path = Project.xcconfig; sourceTree = "<group>"; };
		E7E077E415D3B63C0020DFD4 /* CoreVideo.framework */ = {isa = PBXFileReference; lastKnownFileType = wrapper.framework; name = CoreVideo.framework; path = /System/Library/Frameworks/CoreVideo.framework; sourceTree = "<absolute>"; };
		E7E077E715D3B6510020DFD4 /* QTKit.framework */ = {isa = PBXFileReference; lastKnownFileType = wrapper.framework; name = QTKit.framework; path = /System/Library/Frameworks/QTKit.framework; sourceTree = "<absolute>"; };
		E7F985F515E0DE99003869B5 /* Accelerate.framework */ = {isa = PBXFileReference; lastKnownFileType = wrapper.framework; name = Accelerate.framework; path = /System/Library/Frameworks/Accelerate.framework; sourceTree = "<absolute>"; };
/* End PBXFileReference section */

/* Begin PBXFrameworksBuildPhase section */
		8B0F25321A39E6C600414B2D /* Frameworks */ = {
			isa = PBXFrameworksBuildPhase;
			buildActionMask = 2147483647;
			files = (
				8B0F25621A39E7E500414B2D /* openFrameworksDebug.a in Frameworks */,
				8B0F25501A39E7DA00414B2D /* GLUT.framework in Frameworks */,
				8B0F25511A39E7DE00414B2D /* AVFoundation.framework in Frameworks */,
				8B0F25521A39E7DE00414B2D /* CoreMedia.framework in Frameworks */,
				8B0F25531A39E7DE00414B2D /* QuartzCore.framework in Frameworks */,
				8B0F25541A39E7DE00414B2D /* Accelerate.framework in Frameworks */,
				8B0F25551A39E7DE00414B2D /* AppKit.framework in Frameworks */,
				8B0F25561A39E7DE00414B2D /* Cocoa.framework in Frameworks */,
				8B0F25571A39E7DE00414B2D /* IOKit.framework in Frameworks */,
				8B0F25581A39E7DE00414B2D /* AGL.framework in Frameworks */,
				8B0F25591A39E7DE00414B2D /* ApplicationServices.framework in Frameworks */,
				8B0F255A1A39E7DE00414B2D /* AudioToolbox.framework in Frameworks */,
				8B0F255B1A39E7DE00414B2D /* CoreAudio.framework in Frameworks */,
				8B0F255C1A39E7DE00414B2D /* CoreFoundation.framework in Frameworks */,
				8B0F255D1A39E7DE00414B2D /* CoreServices.framework in Frameworks */,
				8B0F255E1A39E7DE00414B2D /* OpenGL.framework in Frameworks */,
				8B0F255F1A39E7DE00414B2D /* QuickTime.framework in Frameworks */,
				8B0F25601A39E7DE00414B2D /* CoreVideo.framework in Frameworks */,
				8B0F25611A39E7DE00414B2D /* QTKit.framework in Frameworks */,
			);
			runOnlyForDeploymentPostprocessing = 0;
		};
		8B0F26701A39ECD100414B2D /* Frameworks */ = {
			isa = PBXFrameworksBuildPhase;
			buildActionMask = 2147483647;
			files = (
				8B0F26941A39ECFF00414B2D /* openFrameworksDebug.a in Frameworks */,
				8B0F26951A39ED0400414B2D /* GLUT.framework in Frameworks */,
				8B0F26961A39ED0800414B2D /* AVFoundation.framework in Frameworks */,
				8B0F26971A39ED0800414B2D /* CoreMedia.framework in Frameworks */,
				8B0F26981A39ED0800414B2D /* QuartzCore.framework in Frameworks */,
				8B0F26991A39ED0800414B2D /* Accelerate.framework in Frameworks */,
				8B0F269A1A39ED0800414B2D /* AppKit.framework in Frameworks */,
				8B0F269B1A39ED0800414B2D /* Cocoa.framework in Frameworks */,
				8B0F269C1A39ED0800414B2D /* IOKit.framework in Frameworks */,
				8B0F269D1A39ED0800414B2D /* AGL.framework in Frameworks */,
				8B0F269E1A39ED0800414B2D /* ApplicationServices.framework in Frameworks */,
				8B0F269F1A39ED0800414B2D /* AudioToolbox.framework in Frameworks */,
				8B0F26A01A39ED0800414B2D /* CoreAudio.framework in Frameworks */,
				8B0F26A11A39ED0800414B2D /* CoreFoundation.framework in Frameworks */,
				8B0F26A21A39ED0800414B2D /* CoreServices.framework in Frameworks */,
				8B0F26A31A39ED0800414B2D /* OpenGL.framework in Frameworks */,
				8B0F26A41A39ED0800414B2D /* QuickTime.framework in Frameworks */,
				8B0F26A51A39ED0800414B2D /* CoreVideo.framework in Frameworks */,
				8B0F26A61A39ED0800414B2D /* QTKit.framework in Frameworks */,
			);
			runOnlyForDeploymentPostprocessing = 0;
		};
/* End PBXFrameworksBuildPhase section */

/* Begin PBXGroup section */
		8B0F24EC1A39E60200414B2D /* addons */ = {
			isa = PBXGroup;
			children = (
				8B0F24ED1A39E60200414B2D /* ofAddon.cpp */,
				8B0F24EE1A39E60200414B2D /* ofAddon.h */,
			);
			path = addons;
			sourceTree = "<group>";
		};
		8B0F24F01A39E60200414B2D /* projects */ = {
			isa = PBXGroup;
			children = (
				8B0F24F11A39E60200414B2D /* baseProject.cpp */,
				8B0F24F21A39E60200414B2D /* baseProject.h */,
				8B0F24F31A39E60200414B2D /* CBLinuxProject.cpp */,
				8B0F24F41A39E60200414B2D /* CBLinuxProject.h */,
				8B0F24F51A39E60200414B2D /* CBWinProject.cpp */,
				8B0F24F61A39E60200414B2D /* CBWinProject.h */,
				8B0F24F71A39E60200414B2D /* visualStudioProject.cpp */,
				8B0F24F81A39E60200414B2D /* visualStudioProject.h */,
				8B0F24F91A39E60200414B2D /* xcodeProject.cpp */,
				8B0F24FA1A39E60200414B2D /* xcodeProject.h */,
			);
			path = projects;
			sourceTree = "<group>";
		};
		8B0F25111A39E60200414B2D /* utils */ = {
			isa = PBXGroup;
			children = (
				8B0F25121A39E60200414B2D /* Utils.cpp */,
				8B0F25131A39E60200414B2D /* Utils.h */,
			);
			path = utils;
			sourceTree = "<group>";
		};
		8B0F266B1A39ECBF00414B2D /* test */ = {
			isa = PBXGroup;
			children = (
				8B0F266C1A39ECBF00414B2D /* catch.hpp */,
				8B0F266D1A39ECBF00414B2D /* ofAddonTest.cpp */,
			);
			path = test;
			sourceTree = "<group>";
		};
		8B0F26A91A39F1EF00414B2D /* pugixmlLib */ = {
			isa = PBXGroup;
			children = (
				8B0F26AB1A39F1EF00414B2D /* contrib */,
				8B0F26B21A39F1EF00414B2D /* scripts */,
				8B0F26C11A39F1EF00414B2D /* src */,
			);
			path = pugixmlLib;
			sourceTree = "<group>";
		};
		8B0F26AB1A39F1EF00414B2D /* contrib */ = {
			isa = PBXGroup;
			children = (
				8B0F26AC1A39F1EF00414B2D /* foreach.hpp */,
			);
			path = contrib;
			sourceTree = "<group>";
		};
		8B0F26B21A39F1EF00414B2D /* scripts */ = {
			isa = PBXGroup;
			children = (
				8B0F26B51A39F1EF00414B2D /* pugixml.xcodeproj */,
			);
			path = scripts;
			sourceTree = "<group>";
		};
		8B0F26B61A39F1EF00414B2D /* Products */ = {
			isa = PBXGroup;
			children = (
				8B0F26CC1A39F1F000414B2D /* libpugixmld.a */,
			);
			name = Products;
			sourceTree = "<group>";
		};
		8B0F26C11A39F1EF00414B2D /* src */ = {
			isa = PBXGroup;
			children = (
				8B0F26C21A39F1EF00414B2D /* pugiconfig.hpp */,
				8B0F26C31A39F1EF00414B2D /* pugixml.cpp */,
				8B0F26C41A39F1EF00414B2D /* pugixml.hpp */,
			);
			path = src;
			sourceTree = "<group>";
		};
		BB4B014C10F69532006C3DED /* addons */ = {
			isa = PBXGroup;
			children = (
			);
			name = addons;
			sourceTree = "<group>";
		};
		BBAB23C913894ECA00AA2426 /* system frameworks */ = {
			isa = PBXGroup;
			children = (
				6474CBF019BCE00B003C94E2 /* AVFoundation.framework */,
				6474CBF119BCE00B003C94E2 /* CoreMedia.framework */,
				6474CBF219BCE00B003C94E2 /* QuartzCore.framework */,
				E7F985F515E0DE99003869B5 /* Accelerate.framework */,
				E4C2424410CC5A17004149E2 /* AppKit.framework */,
				E4C2424510CC5A17004149E2 /* Cocoa.framework */,
				E4C2424610CC5A17004149E2 /* IOKit.framework */,
				E45BE9710E8CC7DD009D7055 /* AGL.framework */,
				E45BE9720E8CC7DD009D7055 /* ApplicationServices.framework */,
				E45BE9730E8CC7DD009D7055 /* AudioToolbox.framework */,
				E45BE9750E8CC7DD009D7055 /* CoreAudio.framework */,
				E45BE9760E8CC7DD009D7055 /* CoreFoundation.framework */,
				E45BE9770E8CC7DD009D7055 /* CoreServices.framework */,
				E45BE9790E8CC7DD009D7055 /* OpenGL.framework */,
				E45BE97A0E8CC7DD009D7055 /* QuickTime.framework */,
				E7E077E415D3B63C0020DFD4 /* CoreVideo.framework */,
				E7E077E715D3B6510020DFD4 /* QTKit.framework */,
			);
			name = "system frameworks";
			sourceTree = "<group>";
		};
		BBAB23CA13894EDB00AA2426 /* 3rd party frameworks */ = {
			isa = PBXGroup;
			children = (
				BBAB23BE13894E4700AA2426 /* GLUT.framework */,
			);
			name = "3rd party frameworks";
			sourceTree = "<group>";
		};
		E4328144138ABC890047C5CB /* Products */ = {
			isa = PBXGroup;
			children = (
				E4328148138ABC890047C5CB /* openFrameworksDebug.a */,
			);
			name = Products;
			sourceTree = "<group>";
		};
		E45BE5980E8CC70C009D7055 /* frameworks */ = {
			isa = PBXGroup;
			children = (
				BBAB23CA13894EDB00AA2426 /* 3rd party frameworks */,
				BBAB23C913894ECA00AA2426 /* system frameworks */,
			);
			name = frameworks;
			sourceTree = "<group>";
		};
		E4B69B4A0A3A1720003C02F2 = {
			isa = PBXGroup;
			children = (
				E4B6FCAD0C3E899E008CF71C /* openFrameworks-Info.plist */,
				E4EB6923138AFD0F00A09F29 /* Project.xcconfig */,
				E4B69E1C0A3A1BDC003C02F2 /* src */,
				E4EEC9E9138DF44700A80321 /* openFrameworks */,
				BB4B014C10F69532006C3DED /* addons */,
				E45BE5980E8CC70C009D7055 /* frameworks */,
				8B0F266B1A39ECBF00414B2D /* test */,
				8B0F25351A39E6C600414B2D /* projectGenerator */,
				8B0F26731A39ECD100414B2D /* ofAddonTest */,
			);
			sourceTree = "<group>";
		};
		E4B69E1C0A3A1BDC003C02F2 /* src */ = {
			isa = PBXGroup;
			children = (
				8B0F26A91A39F1EF00414B2D /* pugixmlLib */,
				8B0F24EC1A39E60200414B2D /* addons */,
				8B0F24EF1A39E60200414B2D /* main.cpp */,
				8B0F24F01A39E60200414B2D /* projects */,
				8B0F25111A39E60200414B2D /* utils */,
			);
			path = src;
			sourceTree = SOURCE_ROOT;
		};
		E4EEC9E9138DF44700A80321 /* openFrameworks */ = {
			isa = PBXGroup;
			children = (
				E4EB691F138AFCF100A09F29 /* CoreOF.xcconfig */,
				E4328143138ABC890047C5CB /* openFrameworksLib.xcodeproj */,
			);
			name = openFrameworks;
			sourceTree = "<group>";
		};
/* End PBXGroup section */

/* Begin PBXNativeTarget section */
		8B0F25341A39E6C600414B2D /* projectGenerator */ = {
			isa = PBXNativeTarget;
			buildConfigurationList = 8B0F25391A39E6C600414B2D /* Build configuration list for PBXNativeTarget "projectGenerator" */;
			buildPhases = (
				8B0F25311A39E6C600414B2D /* Sources */,
				8B0F25321A39E6C600414B2D /* Frameworks */,
				8B0F25331A39E6C600414B2D /* CopyFiles */,
			);
			buildRules = (
			);
			dependencies = (
				8B0F253D1A39E6D800414B2D /* PBXTargetDependency */,
			);
			name = projectGenerator;
			productName = projectGenerator;
			productReference = 8B0F25351A39E6C600414B2D /* projectGenerator */;
			productType = "com.apple.product-type.tool";
		};
		8B0F26721A39ECD100414B2D /* ofAddonTest */ = {
			isa = PBXNativeTarget;
			buildConfigurationList = 8B0F26771A39ECD100414B2D /* Build configuration list for PBXNativeTarget "ofAddonTest" */;
			buildPhases = (
				8B0F266F1A39ECD100414B2D /* Sources */,
				8B0F26701A39ECD100414B2D /* Frameworks */,
				8B0F26711A39ECD100414B2D /* CopyFiles */,
			);
			buildRules = (
			);
			dependencies = (
				8B0F267D1A39ECDF00414B2D /* PBXTargetDependency */,
			);
			name = ofAddonTest;
			productName = ofAddonTest;
			productReference = 8B0F26731A39ECD100414B2D /* ofAddonTest */;
			productType = "com.apple.product-type.tool";
		};
/* End PBXNativeTarget section */

/* Begin PBXProject section */
		E4B69B4C0A3A1720003C02F2 /* Project object */ = {
			isa = PBXProject;
			attributes = {
				LastUpgradeCheck = 0600;
				TargetAttributes = {
					8B0F25341A39E6C600414B2D = {
						CreatedOnToolsVersion = 6.1.1;
					};
					8B0F26721A39ECD100414B2D = {
						CreatedOnToolsVersion = 6.1.1;
					};
				};
			};
			buildConfigurationList = E4B69B4D0A3A1720003C02F2 /* Build configuration list for PBXProject "projectGenerator" */;
			compatibilityVersion = "Xcode 3.2";
			developmentRegion = English;
			hasScannedForEncodings = 0;
			knownRegions = (
				English,
				Japanese,
				French,
				German,
			);
			mainGroup = E4B69B4A0A3A1720003C02F2;
			productRefGroup = E4B69B4A0A3A1720003C02F2;
			projectDirPath = "";
			projectReferences = (
				{
					ProductGroup = E4328144138ABC890047C5CB /* Products */;
					ProjectRef = E4328143138ABC890047C5CB /* openFrameworksLib.xcodeproj */;
				},
				{
					ProductGroup = 8B0F26B61A39F1EF00414B2D /* Products */;
					ProjectRef = 8B0F26B51A39F1EF00414B2D /* pugixml.xcodeproj */;
				},
			);
			projectRoot = "";
			targets = (
				8B0F25341A39E6C600414B2D /* projectGenerator */,
				8B0F26721A39ECD100414B2D /* ofAddonTest */,
			);
		};
/* End PBXProject section */

/* Begin PBXReferenceProxy section */
		8B0F26CC1A39F1F000414B2D /* libpugixmld.a */ = {
			isa = PBXReferenceProxy;
			fileType = archive.ar;
			path = libpugixmld.a;
			remoteRef = 8B0F26CB1A39F1F000414B2D /* PBXContainerItemProxy */;
			sourceTree = BUILT_PRODUCTS_DIR;
		};
		E4328148138ABC890047C5CB /* openFrameworksDebug.a */ = {
			isa = PBXReferenceProxy;
			fileType = archive.ar;
			path = openFrameworksDebug.a;
			remoteRef = E4328147138ABC890047C5CB /* PBXContainerItemProxy */;
			sourceTree = BUILT_PRODUCTS_DIR;
		};
/* End PBXReferenceProxy section */

/* Begin PBXSourcesBuildPhase section */
		8B0F25311A39E6C600414B2D /* Sources */ = {
			isa = PBXSourcesBuildPhase;
			buildActionMask = 2147483647;
			files = (
				8B0F254D1A39E6F300414B2D /* Utils.cpp in Sources */,
				8B0F254E1A39E6F300414B2D /* Utils.h in Sources */,
				8B0F25431A39E6ED00414B2D /* baseProject.cpp in Sources */,
				8B0F25441A39E6ED00414B2D /* baseProject.h in Sources */,
				8B0F25451A39E6ED00414B2D /* CBLinuxProject.cpp in Sources */,
				8B0F25461A39E6ED00414B2D /* CBLinuxProject.h in Sources */,
				8B0F25471A39E6ED00414B2D /* CBWinProject.cpp in Sources */,
				8B0F25481A39E6ED00414B2D /* CBWinProject.h in Sources */,
				8B0F25491A39E6ED00414B2D /* visualStudioProject.cpp in Sources */,
				8B0F254A1A39E6ED00414B2D /* visualStudioProject.h in Sources */,
				8B0F254B1A39E6ED00414B2D /* xcodeProject.cpp in Sources */,
				8B0F266E1A39ECBF00414B2D /* ofAddonTest.cpp in Sources */,
				8B0F254C1A39E6ED00414B2D /* xcodeProject.h in Sources */,
				8B0F25401A39E6E400414B2D /* ofAddon.cpp in Sources */,
				8B0F26C91A39F1EF00414B2D /* pugixml.cpp in Sources */,
				8B0F25411A39E6E400414B2D /* ofAddon.h in Sources */,
				8B0F25421A39E6E400414B2D /* main.cpp in Sources */,
			);
			runOnlyForDeploymentPostprocessing = 0;
		};
		8B0F266F1A39ECD100414B2D /* Sources */ = {
			isa = PBXSourcesBuildPhase;
			buildActionMask = 2147483647;
			files = (
				8B0F26841A39ECEF00414B2D /* ofAddon.cpp in Sources */,
				8B0F26851A39ECEF00414B2D /* ofAddon.h in Sources */,
				8B0F26871A39ECEF00414B2D /* baseProject.cpp in Sources */,
				8B0F26881A39ECEF00414B2D /* baseProject.h in Sources */,
				8B0F26891A39ECEF00414B2D /* CBLinuxProject.cpp in Sources */,
				8B0F268A1A39ECEF00414B2D /* CBLinuxProject.h in Sources */,
				8B0F268B1A39ECEF00414B2D /* CBWinProject.cpp in Sources */,
				8B0F268C1A39ECEF00414B2D /* CBWinProject.h in Sources */,
				8B0F268D1A39ECEF00414B2D /* visualStudioProject.cpp in Sources */,
				8B0F268E1A39ECEF00414B2D /* visualStudioProject.h in Sources */,
				8B0F268F1A39ECEF00414B2D /* xcodeProject.cpp in Sources */,
				8B0F26901A39ECEF00414B2D /* xcodeProject.h in Sources */,
				8B0F26911A39ECEF00414B2D /* Utils.cpp in Sources */,
				8B0F26921A39ECEF00414B2D /* Utils.h in Sources */,
				8B0F267E1A39ECE500414B2D /* catch.hpp in Sources */,
				8B0F267F1A39ECE500414B2D /* ofAddonTest.cpp in Sources */,
			);
			runOnlyForDeploymentPostprocessing = 0;
		};
/* End PBXSourcesBuildPhase section */

/* Begin PBXTargetDependency section */
		8B0F253D1A39E6D800414B2D /* PBXTargetDependency */ = {
			isa = PBXTargetDependency;
			name = openFrameworks;
			targetProxy = 8B0F253C1A39E6D800414B2D /* PBXContainerItemProxy */;
		};
		8B0F267D1A39ECDF00414B2D /* PBXTargetDependency */ = {
			isa = PBXTargetDependency;
			name = openFrameworks;
			targetProxy = 8B0F267C1A39ECDF00414B2D /* PBXContainerItemProxy */;
		};
/* End PBXTargetDependency section */

/* Begin XCBuildConfiguration section */
		8B0F253A1A39E6C600414B2D /* Debug */ = {
			isa = XCBuildConfiguration;
			buildSettings = {
				ALWAYS_SEARCH_USER_PATHS = NO;
				CLANG_ENABLE_MODULES = YES;
				CLANG_ENABLE_OBJC_ARC = YES;
				CLANG_WARN_BOOL_CONVERSION = YES;
				CLANG_WARN_CONSTANT_CONVERSION = YES;
				CLANG_WARN_DIRECT_OBJC_ISA_USAGE = YES_ERROR;
				CLANG_WARN_EMPTY_BODY = YES;
				CLANG_WARN_ENUM_CONVERSION = YES;
				CLANG_WARN_INT_CONVERSION = YES;
				CLANG_WARN_OBJC_ROOT_CLASS = YES_ERROR;
				CLANG_WARN_UNREACHABLE_CODE = YES;
				CLANG_WARN__DUPLICATE_METHOD_MATCH = YES;
				ENABLE_STRICT_OBJC_MSGSEND = YES;
				FRAMEWORK_SEARCH_PATHS = (
					"$(inherited)",
					/Users/riccardo/Projects/riccardo/openFrameworks/libs/glut/lib/osx,
				);
				GCC_DYNAMIC_NO_PIC = NO;
				GCC_PREPROCESSOR_DEFINITIONS = (
					"DEBUG=1",
					"$(inherited)",
				);
				GCC_WARN_64_TO_32_BIT_CONVERSION = YES;
				GCC_WARN_ABOUT_RETURN_TYPE = YES_ERROR;
				GCC_WARN_UNDECLARED_SELECTOR = YES;
				GCC_WARN_UNINITIALIZED_AUTOS = YES_AGGRESSIVE;
				GCC_WARN_UNUSED_FUNCTION = YES;
				GCC_WARN_UNUSED_VARIABLE = YES;
				MACOSX_DEPLOYMENT_TARGET = 10.10;
				MTL_ENABLE_DEBUG_INFO = YES;
				PRODUCT_NAME = "$(TARGET_NAME)";
			};
			name = Debug;
		};
		8B0F253B1A39E6C600414B2D /* Release */ = {
			isa = XCBuildConfiguration;
			buildSettings = {
				ALWAYS_SEARCH_USER_PATHS = NO;
				CLANG_ENABLE_MODULES = YES;
				CLANG_ENABLE_OBJC_ARC = YES;
				CLANG_WARN_BOOL_CONVERSION = YES;
				CLANG_WARN_CONSTANT_CONVERSION = YES;
				CLANG_WARN_DIRECT_OBJC_ISA_USAGE = YES_ERROR;
				CLANG_WARN_EMPTY_BODY = YES;
				CLANG_WARN_ENUM_CONVERSION = YES;
				CLANG_WARN_INT_CONVERSION = YES;
				CLANG_WARN_OBJC_ROOT_CLASS = YES_ERROR;
				CLANG_WARN_UNREACHABLE_CODE = YES;
				CLANG_WARN__DUPLICATE_METHOD_MATCH = YES;
				ENABLE_NS_ASSERTIONS = NO;
				ENABLE_STRICT_OBJC_MSGSEND = YES;
				FRAMEWORK_SEARCH_PATHS = (
					"$(inherited)",
					/Users/riccardo/Projects/riccardo/openFrameworks/libs/glut/lib/osx,
				);
				GCC_WARN_64_TO_32_BIT_CONVERSION = YES;
				GCC_WARN_ABOUT_RETURN_TYPE = YES_ERROR;
				GCC_WARN_UNDECLARED_SELECTOR = YES;
				GCC_WARN_UNINITIALIZED_AUTOS = YES_AGGRESSIVE;
				GCC_WARN_UNUSED_FUNCTION = YES;
				GCC_WARN_UNUSED_VARIABLE = YES;
				MACOSX_DEPLOYMENT_TARGET = 10.10;
				MTL_ENABLE_DEBUG_INFO = NO;
				PRODUCT_NAME = "$(TARGET_NAME)";
			};
			name = Release;
		};
		8B0F26781A39ECD100414B2D /* Debug */ = {
			isa = XCBuildConfiguration;
			buildSettings = {
				ALWAYS_SEARCH_USER_PATHS = NO;
				CLANG_ENABLE_MODULES = YES;
				CLANG_ENABLE_OBJC_ARC = YES;
				CLANG_WARN_BOOL_CONVERSION = YES;
				CLANG_WARN_CONSTANT_CONVERSION = YES;
				CLANG_WARN_DIRECT_OBJC_ISA_USAGE = YES_ERROR;
				CLANG_WARN_EMPTY_BODY = YES;
				CLANG_WARN_ENUM_CONVERSION = YES;
				CLANG_WARN_INT_CONVERSION = YES;
				CLANG_WARN_OBJC_ROOT_CLASS = YES_ERROR;
				CLANG_WARN_UNREACHABLE_CODE = YES;
				CLANG_WARN__DUPLICATE_METHOD_MATCH = YES;
				ENABLE_STRICT_OBJC_MSGSEND = YES;
				FRAMEWORK_SEARCH_PATHS = (
					"$(inherited)",
					/Users/riccardo/Projects/riccardo/openFrameworks/libs/glut/lib/osx,
				);
				GCC_C_LANGUAGE_STANDARD = gnu99;
				GCC_DYNAMIC_NO_PIC = NO;
				GCC_PREPROCESSOR_DEFINITIONS = (
					"DEBUG=1",
					"$(inherited)",
				);
				GCC_WARN_64_TO_32_BIT_CONVERSION = YES;
				GCC_WARN_ABOUT_RETURN_TYPE = YES_ERROR;
				GCC_WARN_UNDECLARED_SELECTOR = YES;
				GCC_WARN_UNINITIALIZED_AUTOS = YES_AGGRESSIVE;
				GCC_WARN_UNUSED_FUNCTION = YES;
				GCC_WARN_UNUSED_VARIABLE = YES;
				MACOSX_DEPLOYMENT_TARGET = 10.10;
				MTL_ENABLE_DEBUG_INFO = YES;
				PRODUCT_NAME = "$(TARGET_NAME)";
			};
			name = Debug;
		};
		8B0F26791A39ECD100414B2D /* Release */ = {
			isa = XCBuildConfiguration;
			buildSettings = {
				ALWAYS_SEARCH_USER_PATHS = NO;
				CLANG_ENABLE_MODULES = YES;
				CLANG_ENABLE_OBJC_ARC = YES;
				CLANG_WARN_BOOL_CONVERSION = YES;
				CLANG_WARN_CONSTANT_CONVERSION = YES;
				CLANG_WARN_DIRECT_OBJC_ISA_USAGE = YES_ERROR;
				CLANG_WARN_EMPTY_BODY = YES;
				CLANG_WARN_ENUM_CONVERSION = YES;
				CLANG_WARN_INT_CONVERSION = YES;
				CLANG_WARN_OBJC_ROOT_CLASS = YES_ERROR;
				CLANG_WARN_UNREACHABLE_CODE = YES;
				CLANG_WARN__DUPLICATE_METHOD_MATCH = YES;
				DEBUG_INFORMATION_FORMAT = "dwarf-with-dsym";
				ENABLE_NS_ASSERTIONS = NO;
				ENABLE_STRICT_OBJC_MSGSEND = YES;
				FRAMEWORK_SEARCH_PATHS = (
					"$(inherited)",
					/Users/riccardo/Projects/riccardo/openFrameworks/libs/glut/lib/osx,
				);
				GCC_C_LANGUAGE_STANDARD = gnu99;
				GCC_WARN_64_TO_32_BIT_CONVERSION = YES;
				GCC_WARN_ABOUT_RETURN_TYPE = YES_ERROR;
				GCC_WARN_UNDECLARED_SELECTOR = YES;
				GCC_WARN_UNINITIALIZED_AUTOS = YES_AGGRESSIVE;
				GCC_WARN_UNUSED_FUNCTION = YES;
				GCC_WARN_UNUSED_VARIABLE = YES;
				MACOSX_DEPLOYMENT_TARGET = 10.10;
				MTL_ENABLE_DEBUG_INFO = NO;
				PRODUCT_NAME = "$(TARGET_NAME)";
			};
			name = Release;
		};
		E4B69B4E0A3A1720003C02F2 /* Debug */ = {
			isa = XCBuildConfiguration;
			baseConfigurationReference = E4EB6923138AFD0F00A09F29 /* Project.xcconfig */;
			buildSettings = {
				ARCHS = "$(ARCHS_STANDARD_32_BIT)";
				CONFIGURATION_BUILD_DIR = "$(SRCROOT)/bin/";
				COPY_PHASE_STRIP = NO;
				DEAD_CODE_STRIPPING = YES;
				GCC_AUTO_VECTORIZATION = YES;
				GCC_ENABLE_SSE3_EXTENSIONS = YES;
				GCC_ENABLE_SUPPLEMENTAL_SSE3_INSTRUCTIONS = YES;
				GCC_INLINES_ARE_PRIVATE_EXTERN = NO;
				GCC_OPTIMIZATION_LEVEL = 0;
				GCC_SYMBOLS_PRIVATE_EXTERN = NO;
				GCC_WARN_ABOUT_DEPRECATED_FUNCTIONS = YES;
				GCC_WARN_ABOUT_INVALID_OFFSETOF_MACRO = NO;
				GCC_WARN_ALLOW_INCOMPLETE_PROTOCOL = NO;
				GCC_WARN_UNINITIALIZED_AUTOS = NO;
				GCC_WARN_UNUSED_VALUE = NO;
				GCC_WARN_UNUSED_VARIABLE = NO;
				MACOSX_DEPLOYMENT_TARGET = 10.6;
				ONLY_ACTIVE_ARCH = YES;
				OTHER_CPLUSPLUSFLAGS = (
					"-D__MACOSX_CORE__",
					"-lpthread",
					"-mtune=native",
				);
				SDKROOT = macosx;
			};
			name = Debug;
		};
		E4B69B4F0A3A1720003C02F2 /* Release */ = {
			isa = XCBuildConfiguration;
			baseConfigurationReference = E4EB6923138AFD0F00A09F29 /* Project.xcconfig */;
			buildSettings = {
				ARCHS = "$(ARCHS_STANDARD_32_BIT)";
				CONFIGURATION_BUILD_DIR = "$(SRCROOT)/bin/";
				COPY_PHASE_STRIP = YES;
				DEAD_CODE_STRIPPING = YES;
				GCC_AUTO_VECTORIZATION = YES;
				GCC_ENABLE_SSE3_EXTENSIONS = YES;
				GCC_ENABLE_SUPPLEMENTAL_SSE3_INSTRUCTIONS = YES;
				GCC_INLINES_ARE_PRIVATE_EXTERN = NO;
				GCC_OPTIMIZATION_LEVEL = 3;
				GCC_SYMBOLS_PRIVATE_EXTERN = NO;
				GCC_UNROLL_LOOPS = YES;
				GCC_WARN_ABOUT_DEPRECATED_FUNCTIONS = YES;
				GCC_WARN_ABOUT_INVALID_OFFSETOF_MACRO = NO;
				GCC_WARN_ALLOW_INCOMPLETE_PROTOCOL = NO;
				GCC_WARN_UNINITIALIZED_AUTOS = NO;
				GCC_WARN_UNUSED_VALUE = NO;
				GCC_WARN_UNUSED_VARIABLE = NO;
				MACOSX_DEPLOYMENT_TARGET = 10.6;
				OTHER_CPLUSPLUSFLAGS = (
					"-D__MACOSX_CORE__",
					"-lpthread",
					"-mtune=native",
				);
				SDKROOT = macosx;
			};
			name = Release;
		};
/* End XCBuildConfiguration section */

/* Begin XCConfigurationList section */
		8B0F25391A39E6C600414B2D /* Build configuration list for PBXNativeTarget "projectGenerator" */ = {
			isa = XCConfigurationList;
			buildConfigurations = (
				8B0F253A1A39E6C600414B2D /* Debug */,
				8B0F253B1A39E6C600414B2D /* Release */,
			);
			defaultConfigurationIsVisible = 0;
			defaultConfigurationName = Release;
		};
		8B0F26771A39ECD100414B2D /* Build configuration list for PBXNativeTarget "ofAddonTest" */ = {
			isa = XCConfigurationList;
			buildConfigurations = (
				8B0F26781A39ECD100414B2D /* Debug */,
				8B0F26791A39ECD100414B2D /* Release */,
			);
			defaultConfigurationIsVisible = 0;
			defaultConfigurationName = Release;
		};
		E4B69B4D0A3A1720003C02F2 /* Build configuration list for PBXProject "projectGenerator" */ = {
			isa = XCConfigurationList;
			buildConfigurations = (
				E4B69B4E0A3A1720003C02F2 /* Debug */,
				E4B69B4F0A3A1720003C02F2 /* Release */,
			);
			defaultConfigurationIsVisible = 0;
			defaultConfigurationName = Release;
		};
/* End XCConfigurationList section */
	};
	rootObject = E4B69B4C0A3A1720003C02F2 /* Project object */;
}
